name: "Update flake.lock"

on:
  workflow_dispatch: # allows manual triggering
  schedule:
    - cron: '0 0 * * 0' # runs weekly on Sunday at 00:00

env:
  FLOX_DISABLE_METRICS: "true"

jobs:
  lockfile:
    runs-on: ubuntu-latest
    timeout-minutes: 30
    steps:

      - name: "Checkout"
        uses: actions/checkout@v5
        with:
          fetch-depth: 0

      - name: "Install Nix"
        uses: cachix/install-nix-action@v31.8.1

      - name: "Update flake.lock"
        uses: DeterminateSystems/update-flake-lock@v27
        with:
          token: ${{ secrets.MANAGED_FLOXBOT_GITHUB_ACCESS_TOKEN_REPO_SCOPE }}
